
Microsoft Visual Studio Solution File, Format Version 12.00
# Visual Studio Version 16
VisualStudioVersion = 16.0.31019.35
MinimumVisualStudioVersion = 15.0.26124.0
Project("{9A19103F-16F7-4668-BE54-9A1E7A4F7556}") = "DFC.App.Jobgroups", "DFC.App.Jobgroups\DFC.App.Jobgroups.csproj", "{78C5D716-8A1D-4FC0-815E-9D7D8CDAE713}"
EndProject
Project("{9A19103F-16F7-4668-BE54-9A1E7A4F7556}") = "DFC.App.Jobgroups.UnitTests", "DFC.App.Jobgroups.UnitTests\DFC.App.Jobgroups.UnitTests.csproj", "{3C36D4BD-FB5B-4F4D-BD33-7691403D990F}"
EndProject
Project("{2150E333-8FDC-42A3-9474-1A3956D46DE8}") = "_Solution Items", "_Solution Items", "{A666885E-4A41-4CDF-BC9B-08D8426946D4}"
	ProjectSection(SolutionItems) = preProject
		.gitignore = .gitignore
		CODEOWNERS = CODEOWNERS
		DFC.Digital.CodeAnalysis.ruleset = DFC.Digital.CodeAnalysis.ruleset
		LICENSE = LICENSE
		README.md = README.md
		Resources\PageRegistration\registration.json = Resources\PageRegistration\registration.json
		stylecop.json = stylecop.json
		UnitTests.CodeAnalysis.ruleset = UnitTests.CodeAnalysis.ruleset
	EndProjectSection
EndProject
Project("{2150E333-8FDC-42A3-9474-1A3956D46DE8}") = "Data", "Data", "{AD51BB37-B1A5-49FF-92EE-799B5A035714}"
EndProject
Project("{2150E333-8FDC-42A3-9474-1A3956D46DE8}") = "Services", "Services", "{B44C4FBB-5891-4D1D-9042-6B9EBD4548C3}"
EndProject
Project("{2150E333-8FDC-42A3-9474-1A3956D46DE8}") = "Tests", "Tests", "{D9DCD9F3-CD2E-4B02-851A-52BE2B4C283B}"
EndProject
Project("{2150E333-8FDC-42A3-9474-1A3956D46DE8}") = "Unit", "Unit", "{728B7D83-4578-4A0F-8FFA-CBBF51619574}"
EndProject
Project("{2150E333-8FDC-42A3-9474-1A3956D46DE8}") = "Data", "Data", "{A02CB3AD-5E32-4029-B8CE-276624BF3A16}"
EndProject
Project("{2150E333-8FDC-42A3-9474-1A3956D46DE8}") = "Services", "Services", "{BBE08E8B-A01E-427B-BE42-7280DA1C5B92}"
EndProject
Project("{2150E333-8FDC-42A3-9474-1A3956D46DE8}") = "Web", "Web", "{EC2374B3-7E9E-4C9B-866E-387658CD9221}"
EndProject
Project("{9A19103F-16F7-4668-BE54-9A1E7A4F7556}") = "DFC.App.JobGroups.Data", "DFC.App.JobGroups.Data\DFC.App.JobGroups.Data.csproj", "{50624DCE-2EA3-4E4A-A36F-3723B3E14D89}"
EndProject
Project("{9A19103F-16F7-4668-BE54-9A1E7A4F7556}") = "DFC.App.JobGroups.Services.CacheContentService", "DFC.App.JobGroups.Services.CacheContentService\DFC.App.JobGroups.Services.CacheContentService.csproj", "{1143D553-2AEC-438A-BBE9-6D7D91D08F43}"
EndProject
Project("{9A19103F-16F7-4668-BE54-9A1E7A4F7556}") = "DFC.App.JobGroups.Data.UnitTests", "DFC.App.JobGroups.Data.UnitTests\DFC.App.JobGroups.Data.UnitTests.csproj", "{6BFF82C1-2EE6-495E-ABF2-E3BDD7B7B60B}"
EndProject
Project("{9A19103F-16F7-4668-BE54-9A1E7A4F7556}") = "DFC.App.JobGroups.Services.CacheContentService.UnitTests", "DFC.App.JobGroups.Services.CacheContentService.UnitTests\DFC.App.JobGroups.Services.CacheContentService.UnitTests.csproj", "{E415BE18-17B6-436C-8406-4FC5F881CD31}"
EndProject
Global
	GlobalSection(SolutionConfigurationPlatforms) = preSolution
		Debug|Any CPU = Debug|Any CPU
		Debug|x64 = Debug|x64
		Debug|x86 = Debug|x86
		Release|Any CPU = Release|Any CPU
		Release|x64 = Release|x64
		Release|x86 = Release|x86
	EndGlobalSection
	GlobalSection(ProjectConfigurationPlatforms) = postSolution
		{78C5D716-8A1D-4FC0-815E-9D7D8CDAE713}.Debug|Any CPU.ActiveCfg = Debug|Any CPU
		{78C5D716-8A1D-4FC0-815E-9D7D8CDAE713}.Debug|Any CPU.Build.0 = Debug|Any CPU
		{78C5D716-8A1D-4FC0-815E-9D7D8CDAE713}.Debug|x64.ActiveCfg = Debug|Any CPU
		{78C5D716-8A1D-4FC0-815E-9D7D8CDAE713}.Debug|x64.Build.0 = Debug|Any CPU
		{78C5D716-8A1D-4FC0-815E-9D7D8CDAE713}.Debug|x86.ActiveCfg = Debug|Any CPU
		{78C5D716-8A1D-4FC0-815E-9D7D8CDAE713}.Debug|x86.Build.0 = Debug|Any CPU
		{78C5D716-8A1D-4FC0-815E-9D7D8CDAE713}.Release|Any CPU.ActiveCfg = Release|Any CPU
		{78C5D716-8A1D-4FC0-815E-9D7D8CDAE713}.Release|Any CPU.Build.0 = Release|Any CPU
		{78C5D716-8A1D-4FC0-815E-9D7D8CDAE713}.Release|x64.ActiveCfg = Release|Any CPU
		{78C5D716-8A1D-4FC0-815E-9D7D8CDAE713}.Release|x64.Build.0 = Release|Any CPU
		{78C5D716-8A1D-4FC0-815E-9D7D8CDAE713}.Release|x86.ActiveCfg = Release|Any CPU
		{78C5D716-8A1D-4FC0-815E-9D7D8CDAE713}.Release|x86.Build.0 = Release|Any CPU
		{3C36D4BD-FB5B-4F4D-BD33-7691403D990F}.Debug|Any CPU.ActiveCfg = Debug|Any CPU
		{3C36D4BD-FB5B-4F4D-BD33-7691403D990F}.Debug|Any CPU.Build.0 = Debug|Any CPU
		{3C36D4BD-FB5B-4F4D-BD33-7691403D990F}.Debug|x64.ActiveCfg = Debug|Any CPU
		{3C36D4BD-FB5B-4F4D-BD33-7691403D990F}.Debug|x64.Build.0 = Debug|Any CPU
		{3C36D4BD-FB5B-4F4D-BD33-7691403D990F}.Debug|x86.ActiveCfg = Debug|Any CPU
		{3C36D4BD-FB5B-4F4D-BD33-7691403D990F}.Debug|x86.Build.0 = Debug|Any CPU
		{3C36D4BD-FB5B-4F4D-BD33-7691403D990F}.Release|Any CPU.ActiveCfg = Release|Any CPU
		{3C36D4BD-FB5B-4F4D-BD33-7691403D990F}.Release|Any CPU.Build.0 = Release|Any CPU
		{3C36D4BD-FB5B-4F4D-BD33-7691403D990F}.Release|x64.ActiveCfg = Release|Any CPU
		{3C36D4BD-FB5B-4F4D-BD33-7691403D990F}.Release|x64.Build.0 = Release|Any CPU
		{3C36D4BD-FB5B-4F4D-BD33-7691403D990F}.Release|x86.ActiveCfg = Release|Any CPU
		{3C36D4BD-FB5B-4F4D-BD33-7691403D990F}.Release|x86.Build.0 = Release|Any CPU
		{50624DCE-2EA3-4E4A-A36F-3723B3E14D89}.Debug|Any CPU.ActiveCfg = Debug|Any CPU
		{50624DCE-2EA3-4E4A-A36F-3723B3E14D89}.Debug|Any CPU.Build.0 = Debug|Any CPU
		{50624DCE-2EA3-4E4A-A36F-3723B3E14D89}.Debug|x64.ActiveCfg = Debug|Any CPU
		{50624DCE-2EA3-4E4A-A36F-3723B3E14D89}.Debug|x64.Build.0 = Debug|Any CPU
		{50624DCE-2EA3-4E4A-A36F-3723B3E14D89}.Debug|x86.ActiveCfg = Debug|Any CPU
		{50624DCE-2EA3-4E4A-A36F-3723B3E14D89}.Debug|x86.Build.0 = Debug|Any CPU
		{50624DCE-2EA3-4E4A-A36F-3723B3E14D89}.Release|Any CPU.ActiveCfg = Release|Any CPU
		{50624DCE-2EA3-4E4A-A36F-3723B3E14D89}.Release|Any CPU.Build.0 = Release|Any CPU
		{50624DCE-2EA3-4E4A-A36F-3723B3E14D89}.Release|x64.ActiveCfg = Release|Any CPU
		{50624DCE-2EA3-4E4A-A36F-3723B3E14D89}.Release|x64.Build.0 = Release|Any CPU
		{50624DCE-2EA3-4E4A-A36F-3723B3E14D89}.Release|x86.ActiveCfg = Release|Any CPU
		{50624DCE-2EA3-4E4A-A36F-3723B3E14D89}.Release|x86.Build.0 = Release|Any CPU
		{1143D553-2AEC-438A-BBE9-6D7D91D08F43}.Debug|Any CPU.ActiveCfg = Debug|Any CPU
		{1143D553-2AEC-438A-BBE9-6D7D91D08F43}.Debug|Any CPU.Build.0 = Debug|Any CPU
		{1143D553-2AEC-438A-BBE9-6D7D91D08F43}.Debug|x64.ActiveCfg = Debug|Any CPU
		{1143D553-2AEC-438A-BBE9-6D7D91D08F43}.Debug|x64.Build.0 = Debug|Any CPU
		{1143D553-2AEC-438A-BBE9-6D7D91D08F43}.Debug|x86.ActiveCfg = Debug|Any CPU
		{1143D553-2AEC-438A-BBE9-6D7D91D08F43}.Debug|x86.Build.0 = Debug|Any CPU
		{1143D553-2AEC-438A-BBE9-6D7D91D08F43}.Release|Any CPU.ActiveCfg = Release|Any CPU
		{1143D553-2AEC-438A-BBE9-6D7D91D08F43}.Release|Any CPU.Build.0 = Release|Any CPU
		{1143D553-2AEC-438A-BBE9-6D7D91D08F43}.Release|x64.ActiveCfg = Release|Any CPU
		{1143D553-2AEC-438A-BBE9-6D7D91D08F43}.Release|x64.Build.0 = Release|Any CPU
		{1143D553-2AEC-438A-BBE9-6D7D91D08F43}.Release|x86.ActiveCfg = Release|Any CPU
		{1143D553-2AEC-438A-BBE9-6D7D91D08F43}.Release|x86.Build.0 = Release|Any CPU
		{6BFF82C1-2EE6-495E-ABF2-E3BDD7B7B60B}.Debug|Any CPU.ActiveCfg = Debug|Any CPU
		{6BFF82C1-2EE6-495E-ABF2-E3BDD7B7B60B}.Debug|Any CPU.Build.0 = Debug|Any CPU
		{6BFF82C1-2EE6-495E-ABF2-E3BDD7B7B60B}.Debug|x64.ActiveCfg = Debug|Any CPU
		{6BFF82C1-2EE6-495E-ABF2-E3BDD7B7B60B}.Debug|x64.Build.0 = Debug|Any CPU
		{6BFF82C1-2EE6-495E-ABF2-E3BDD7B7B60B}.Debug|x86.ActiveCfg = Debug|Any CPU
		{6BFF82C1-2EE6-495E-ABF2-E3BDD7B7B60B}.Debug|x86.Build.0 = Debug|Any CPU
		{6BFF82C1-2EE6-495E-ABF2-E3BDD7B7B60B}.Release|Any CPU.ActiveCfg = Release|Any CPU
		{6BFF82C1-2EE6-495E-ABF2-E3BDD7B7B60B}.Release|Any CPU.Build.0 = Release|Any CPU
		{6BFF82C1-2EE6-495E-ABF2-E3BDD7B7B60B}.Release|x64.ActiveCfg = Release|Any CPU
		{6BFF82C1-2EE6-495E-ABF2-E3BDD7B7B60B}.Release|x64.Build.0 = Release|Any CPU
		{6BFF82C1-2EE6-495E-ABF2-E3BDD7B7B60B}.Release|x86.ActiveCfg = Release|Any CPU
		{6BFF82C1-2EE6-495E-ABF2-E3BDD7B7B60B}.Release|x86.Build.0 = Release|Any CPU
		{E415BE18-17B6-436C-8406-4FC5F881CD31}.Debug|Any CPU.ActiveCfg = Debug|Any CPU
		{E415BE18-17B6-436C-8406-4FC5F881CD31}.Debug|Any CPU.Build.0 = Debug|Any CPU
		{E415BE18-17B6-436C-8406-4FC5F881CD31}.Debug|x64.ActiveCfg = Debug|Any CPU
		{E415BE18-17B6-436C-8406-4FC5F881CD31}.Debug|x64.Build.0 = Debug|Any CPU
		{E415BE18-17B6-436C-8406-4FC5F881CD31}.Debug|x86.ActiveCfg = Debug|Any CPU
		{E415BE18-17B6-436C-8406-4FC5F881CD31}.Debug|x86.Build.0 = Debug|Any CPU
		{E415BE18-17B6-436C-8406-4FC5F881CD31}.Release|Any CPU.ActiveCfg = Release|Any CPU
		{E415BE18-17B6-436C-8406-4FC5F881CD31}.Release|Any CPU.Build.0 = Release|Any CPU
		{E415BE18-17B6-436C-8406-4FC5F881CD31}.Release|x64.ActiveCfg = Release|Any CPU
		{E415BE18-17B6-436C-8406-4FC5F881CD31}.Release|x64.Build.0 = Release|Any CPU
		{E415BE18-17B6-436C-8406-4FC5F881CD31}.Release|x86.ActiveCfg = Release|Any CPU
		{E415BE18-17B6-436C-8406-4FC5F881CD31}.Release|x86.Build.0 = Release|Any CPU
	EndGlobalSection
	GlobalSection(SolutionProperties) = preSolution
		HideSolutionNode = FALSE
	EndGlobalSection
	GlobalSection(NestedProjects) = preSolution
		{3C36D4BD-FB5B-4F4D-BD33-7691403D990F} = {EC2374B3-7E9E-4C9B-866E-387658CD9221}
		{728B7D83-4578-4A0F-8FFA-CBBF51619574} = {D9DCD9F3-CD2E-4B02-851A-52BE2B4C283B}
		{A02CB3AD-5E32-4029-B8CE-276624BF3A16} = {728B7D83-4578-4A0F-8FFA-CBBF51619574}
		{BBE08E8B-A01E-427B-BE42-7280DA1C5B92} = {728B7D83-4578-4A0F-8FFA-CBBF51619574}
		{EC2374B3-7E9E-4C9B-866E-387658CD9221} = {728B7D83-4578-4A0F-8FFA-CBBF51619574}
		{50624DCE-2EA3-4E4A-A36F-3723B3E14D89} = {AD51BB37-B1A5-49FF-92EE-799B5A035714}
		{1143D553-2AEC-438A-BBE9-6D7D91D08F43} = {B44C4FBB-5891-4D1D-9042-6B9EBD4548C3}
		{6BFF82C1-2EE6-495E-ABF2-E3BDD7B7B60B} = {A02CB3AD-5E32-4029-B8CE-276624BF3A16}
		{E415BE18-17B6-436C-8406-4FC5F881CD31} = {BBE08E8B-A01E-427B-BE42-7280DA1C5B92}
	EndGlobalSection
	GlobalSection(ExtensibilityGlobals) = postSolution
		SolutionGuid = {08FB7B60-C43C-47AD-9BA4-B894A2963747}
	EndGlobalSection
EndGlobal
